// !$*UTF8*$!
{
	archiveVersion = 1;
	classes = {
	};
	objectVersion = 56;
	objects = {

/* Begin PBXBuildFile section */
		707134253627F437401FF28D /* Pods_Workout.framework in Frameworks */ = {isa = PBXBuildFile; fileRef = 807C4706EE7DB0999C080974 /* Pods_Workout.framework */; };
		B401E9062A47686C00D5A678 /* DaySelectionView.swift in Sources */ = {isa = PBXBuildFile; fileRef = B401E9052A47686C00D5A678 /* DaySelectionView.swift */; };
		B401E9092A4773E200D5A678 /* SessionFormModels.swift in Sources */ = {isa = PBXBuildFile; fileRef = B401E9082A4773E200D5A678 /* SessionFormModels.swift */; };
		B401E90B2A47D1D000D5A678 /* Session.swift in Sources */ = {isa = PBXBuildFile; fileRef = B401E90A2A47D1D000D5A678 /* Session.swift */; };
		B401E90E2A47D6BF00D5A678 /* SessionTableViewCell.swift in Sources */ = {isa = PBXBuildFile; fileRef = B401E90D2A47D6BF00D5A678 /* SessionTableViewCell.swift */; };
		B401E9102A48F5C200D5A678 /* TabViewController.swift in Sources */ = {isa = PBXBuildFile; fileRef = B401E90F2A48F5C200D5A678 /* TabViewController.swift */; };
		B401E9182A48F83C00D5A678 /* ScheduledSessionsPresenter.swift in Sources */ = {isa = PBXBuildFile; fileRef = B401E9132A48F83C00D5A678 /* ScheduledSessionsPresenter.swift */; };
		B401E9192A48F83C00D5A678 /* ScheduledSessionsRouter.swift in Sources */ = {isa = PBXBuildFile; fileRef = B401E9142A48F83C00D5A678 /* ScheduledSessionsRouter.swift */; };
		B401E91A2A48F83C00D5A678 /* ScheduledSessionsInteractor.swift in Sources */ = {isa = PBXBuildFile; fileRef = B401E9152A48F83C00D5A678 /* ScheduledSessionsInteractor.swift */; };
		B401E91B2A48F83C00D5A678 /* ScheduledSessionsView.swift in Sources */ = {isa = PBXBuildFile; fileRef = B401E9162A48F83C00D5A678 /* ScheduledSessionsView.swift */; };
		B401E91C2A48F83C00D5A678 /* ScheduledSessionsConfigurator.swift in Sources */ = {isa = PBXBuildFile; fileRef = B401E9172A48F83C00D5A678 /* ScheduledSessionsConfigurator.swift */; };
		B401E91E2A48F91A00D5A678 /* Workout.swift in Sources */ = {isa = PBXBuildFile; fileRef = B401E91D2A48F91A00D5A678 /* Workout.swift */; };
		B401E9202A49025D00D5A678 /* CoreDataManager.swift in Sources */ = {isa = PBXBuildFile; fileRef = B401E91F2A49025D00D5A678 /* CoreDataManager.swift */; };
		B401E9222A4937C500D5A678 /* Date.swift in Sources */ = {isa = PBXBuildFile; fileRef = B401E9212A4937C500D5A678 /* Date.swift */; };
		B410BFCE2A2D994500899BBC /* StyledButton.swift in Sources */ = {isa = PBXBuildFile; fileRef = B410BFCD2A2D994500899BBC /* StyledButton.swift */; };
		B410BFD02A2E4EB200899BBC /* String.swift in Sources */ = {isa = PBXBuildFile; fileRef = B410BFCF2A2E4EB200899BBC /* String.swift */; };
		B410BFD32A2E8EDF00899BBC /* ExerciseFormModels.swift in Sources */ = {isa = PBXBuildFile; fileRef = B410BFD22A2E8EDF00899BBC /* ExerciseFormModels.swift */; };
		B410BFDC2A32085E00899BBC /* WorkoutFormPresenter.swift in Sources */ = {isa = PBXBuildFile; fileRef = B410BFD72A32085D00899BBC /* WorkoutFormPresenter.swift */; };
		B410BFDD2A32085E00899BBC /* WorkoutFormRouter.swift in Sources */ = {isa = PBXBuildFile; fileRef = B410BFD82A32085D00899BBC /* WorkoutFormRouter.swift */; };
		B410BFDE2A32085E00899BBC /* WorkoutFormInteractor.swift in Sources */ = {isa = PBXBuildFile; fileRef = B410BFD92A32085D00899BBC /* WorkoutFormInteractor.swift */; };
		B410BFDF2A32085E00899BBC /* WorkoutFormView.swift in Sources */ = {isa = PBXBuildFile; fileRef = B410BFDA2A32085D00899BBC /* WorkoutFormView.swift */; };
		B410BFE02A32085E00899BBC /* WorkoutFormConfigurator.swift in Sources */ = {isa = PBXBuildFile; fileRef = B410BFDB2A32085D00899BBC /* WorkoutFormConfigurator.swift */; };
		B410BFE32A321D2D00899BBC /* WorkoutFormModels.swift in Sources */ = {isa = PBXBuildFile; fileRef = B410BFE22A321D2D00899BBC /* WorkoutFormModels.swift */; };
		B4157A422A58747E0068B641 /* AppSettingsPresenter.swift in Sources */ = {isa = PBXBuildFile; fileRef = B4157A3D2A58747E0068B641 /* AppSettingsPresenter.swift */; };
		B4157A432A58747E0068B641 /* AppSettingsRouter.swift in Sources */ = {isa = PBXBuildFile; fileRef = B4157A3E2A58747E0068B641 /* AppSettingsRouter.swift */; };
		B4157A442A58747E0068B641 /* AppSettingsInteractor.swift in Sources */ = {isa = PBXBuildFile; fileRef = B4157A3F2A58747E0068B641 /* AppSettingsInteractor.swift */; };
		B4157A452A58747E0068B641 /* AppSettingsView.swift in Sources */ = {isa = PBXBuildFile; fileRef = B4157A402A58747E0068B641 /* AppSettingsView.swift */; };
		B4157A462A58747E0068B641 /* AppSettingsConfigurator.swift in Sources */ = {isa = PBXBuildFile; fileRef = B4157A412A58747E0068B641 /* AppSettingsConfigurator.swift */; };
		B4157A482A58749C0068B641 /* AppSettingTableViewCell.swift in Sources */ = {isa = PBXBuildFile; fileRef = B4157A472A58749C0068B641 /* AppSettingTableViewCell.swift */; };
		B42BCB2A2A33E106006FCEDE /* ActivityIndicator.swift in Sources */ = {isa = PBXBuildFile; fileRef = B42BCB292A33E106006FCEDE /* ActivityIndicator.swift */; };
		B42BCB2C2A33E2BE006FCEDE /* BaseViewController.swift in Sources */ = {isa = PBXBuildFile; fileRef = B42BCB2B2A33E2BE006FCEDE /* BaseViewController.swift */; };
		B43332462A57A9CD00A8F2DF /* UIViewController.swift in Sources */ = {isa = PBXBuildFile; fileRef = B43332452A57A9CD00A8F2DF /* UIViewController.swift */; };
		B440C5C52A3220FB008154CE /* WorkoutTableViewCell.swift in Sources */ = {isa = PBXBuildFile; fileRef = B440C5C42A3220FB008154CE /* WorkoutTableViewCell.swift */; };
		B440C5C72A3221AC008154CE /* StackView.swift in Sources */ = {isa = PBXBuildFile; fileRef = B440C5C62A3221AC008154CE /* StackView.swift */; };
		B440C5CE2A32851B008154CE /* ValidatedFormField.swift in Sources */ = {isa = PBXBuildFile; fileRef = B440C5CD2A32851B008154CE /* ValidatedFormField.swift */; };
		B440C5D22A328DA0008154CE /* ValidationEntity.swift in Sources */ = {isa = PBXBuildFile; fileRef = B440C5D12A328DA0008154CE /* ValidationEntity.swift */; };
		B44CD50A2A49F3030070ED15 /* ScheduledSessionTableViewCell.swift in Sources */ = {isa = PBXBuildFile; fileRef = B44CD5092A49F3030070ED15 /* ScheduledSessionTableViewCell.swift */; };
		B44CD5112A4B2FE30070ED15 /* ScheduledSessionFormPresenter.swift in Sources */ = {isa = PBXBuildFile; fileRef = B44CD50C2A4B2FE30070ED15 /* ScheduledSessionFormPresenter.swift */; };
		B44CD5122A4B2FE30070ED15 /* ScheduledSessionFormRouter.swift in Sources */ = {isa = PBXBuildFile; fileRef = B44CD50D2A4B2FE30070ED15 /* ScheduledSessionFormRouter.swift */; };
		B44CD5132A4B2FE30070ED15 /* ScheduledSessionFormInteractor.swift in Sources */ = {isa = PBXBuildFile; fileRef = B44CD50E2A4B2FE30070ED15 /* ScheduledSessionFormInteractor.swift */; };
		B44CD5142A4B2FE30070ED15 /* ScheduledSessionFormView.swift in Sources */ = {isa = PBXBuildFile; fileRef = B44CD50F2A4B2FE30070ED15 /* ScheduledSessionFormView.swift */; };
		B44CD5152A4B2FE30070ED15 /* ScheduledSessionFormConfigurator.swift in Sources */ = {isa = PBXBuildFile; fileRef = B44CD5102A4B2FE30070ED15 /* ScheduledSessionFormConfigurator.swift */; };
		B44CD5172A4B48B60070ED15 /* ExercisesTableView.swift in Sources */ = {isa = PBXBuildFile; fileRef = B44CD5162A4B48B60070ED15 /* ExercisesTableView.swift */; };
		B463343A2A5634C9007597B4 /* ShadowedRoundedView.swift in Sources */ = {isa = PBXBuildFile; fileRef = B46334392A5634C9007597B4 /* ShadowedRoundedView.swift */; };
		B463343C2A5654C3007597B4 /* Double.swift in Sources */ = {isa = PBXBuildFile; fileRef = B463343B2A5654C3007597B4 /* Double.swift */; };
		B48B86CE2A2A5D48007638C0 /* WorkoutsPresenter.swift in Sources */ = {isa = PBXBuildFile; fileRef = B48B86C92A2A5D48007638C0 /* WorkoutsPresenter.swift */; };
		B48B86CF2A2A5D48007638C0 /* WorkoutsRouter.swift in Sources */ = {isa = PBXBuildFile; fileRef = B48B86CA2A2A5D48007638C0 /* WorkoutsRouter.swift */; };
		B48B86D02A2A5D48007638C0 /* WorkoutsInteractor.swift in Sources */ = {isa = PBXBuildFile; fileRef = B48B86CB2A2A5D48007638C0 /* WorkoutsInteractor.swift */; };
		B48B86D12A2A5D48007638C0 /* WorkoutsView.swift in Sources */ = {isa = PBXBuildFile; fileRef = B48B86CC2A2A5D48007638C0 /* WorkoutsView.swift */; };
		B48B86D22A2A5D48007638C0 /* WorkoutsConfigurator.swift in Sources */ = {isa = PBXBuildFile; fileRef = B48B86CD2A2A5D48007638C0 /* WorkoutsConfigurator.swift */; };
		B48B86D62A2A6B67007638C0 /* UITableView.swift in Sources */ = {isa = PBXBuildFile; fileRef = B48B86D52A2A6B67007638C0 /* UITableView.swift */; };
		B48B86D82A2A6C03007638C0 /* UITableViewCell.swift in Sources */ = {isa = PBXBuildFile; fileRef = B48B86D72A2A6C03007638C0 /* UITableViewCell.swift */; };
		B48B86DA2A2A6E17007638C0 /* UIImage.swift in Sources */ = {isa = PBXBuildFile; fileRef = B48B86D92A2A6E17007638C0 /* UIImage.swift */; };
		B48B86E12A2BEDDF007638C0 /* ExercisesPresenter.swift in Sources */ = {isa = PBXBuildFile; fileRef = B48B86DC2A2BEDDF007638C0 /* ExercisesPresenter.swift */; };
		B48B86E22A2BEDDF007638C0 /* ExercisesRouter.swift in Sources */ = {isa = PBXBuildFile; fileRef = B48B86DD2A2BEDDF007638C0 /* ExercisesRouter.swift */; };
		B48B86E32A2BEDDF007638C0 /* ExercisesInteractor.swift in Sources */ = {isa = PBXBuildFile; fileRef = B48B86DE2A2BEDDF007638C0 /* ExercisesInteractor.swift */; };
		B48B86E42A2BEDDF007638C0 /* ExercisesView.swift in Sources */ = {isa = PBXBuildFile; fileRef = B48B86DF2A2BEDDF007638C0 /* ExercisesView.swift */; };
		B48B86E52A2BEDDF007638C0 /* ExercisesConfigurator.swift in Sources */ = {isa = PBXBuildFile; fileRef = B48B86E02A2BEDDF007638C0 /* ExercisesConfigurator.swift */; };
		B48B86EC2A2BF63D007638C0 /* ExerciseFormPresenter.swift in Sources */ = {isa = PBXBuildFile; fileRef = B48B86E72A2BF63D007638C0 /* ExerciseFormPresenter.swift */; };
		B48B86ED2A2BF63D007638C0 /* ExerciseFormRouter.swift in Sources */ = {isa = PBXBuildFile; fileRef = B48B86E82A2BF63D007638C0 /* ExerciseFormRouter.swift */; };
		B48B86EE2A2BF63D007638C0 /* ExerciseFormInteractor.swift in Sources */ = {isa = PBXBuildFile; fileRef = B48B86E92A2BF63D007638C0 /* ExerciseFormInteractor.swift */; };
		B48B86EF2A2BF63D007638C0 /* ExerciseFormView.swift in Sources */ = {isa = PBXBuildFile; fileRef = B48B86EA2A2BF63D007638C0 /* ExerciseFormView.swift */; };
		B48B86F02A2BF63D007638C0 /* ExerciseFormConfigurator.swift in Sources */ = {isa = PBXBuildFile; fileRef = B48B86EB2A2BF63D007638C0 /* ExerciseFormConfigurator.swift */; };
		B48B86F32A2BF77E007638C0 /* ValidatedTextField.swift in Sources */ = {isa = PBXBuildFile; fileRef = B48B86F22A2BF77E007638C0 /* ValidatedTextField.swift */; };
		B48B86F52A2D326F007638C0 /* MultilineLabel.swift in Sources */ = {isa = PBXBuildFile; fileRef = B48B86F42A2D326F007638C0 /* MultilineLabel.swift */; };
		B48B86F82A2D32BE007638C0 /* Exercise.swift in Sources */ = {isa = PBXBuildFile; fileRef = B48B86F72A2D32BE007638C0 /* Exercise.swift */; };
		B48B86FB2A2D34FC007638C0 /* ExerciseTableViewCell.swift in Sources */ = {isa = PBXBuildFile; fileRef = B48B86FA2A2D34FC007638C0 /* ExerciseTableViewCell.swift */; };
		B4A28E4D2A37826600FB74C3 /* UITableViewHeaderFooterView.swift in Sources */ = {isa = PBXBuildFile; fileRef = B4A28E4C2A37826600FB74C3 /* UITableViewHeaderFooterView.swift */; };
		B4B10AC82A2127BF00017AA3 /* AppDelegate.swift in Sources */ = {isa = PBXBuildFile; fileRef = B4B10AC72A2127BF00017AA3 /* AppDelegate.swift */; };
		B4B10ACA2A2127BF00017AA3 /* SceneDelegate.swift in Sources */ = {isa = PBXBuildFile; fileRef = B4B10AC92A2127BF00017AA3 /* SceneDelegate.swift */; };
		B4B10AD12A2127BF00017AA3 /* Assets.xcassets in Resources */ = {isa = PBXBuildFile; fileRef = B4B10AD02A2127BF00017AA3 /* Assets.xcassets */; };
		B4B10AD42A2127BF00017AA3 /* LaunchScreen.storyboard in Resources */ = {isa = PBXBuildFile; fileRef = B4B10AD22A2127BF00017AA3 /* LaunchScreen.storyboard */; };
		B4B10ADD2A212C1700017AA3 /* Workout.xcdatamodeld in Sources */ = {isa = PBXBuildFile; fileRef = B4B10ADB2A212C1700017AA3 /* Workout.xcdatamodeld */; };
		B4B20EA82A5329C900314E1E /* Localizable.stringsdict in Resources */ = {isa = PBXBuildFile; fileRef = B4B20EAA2A5329C900314E1E /* Localizable.stringsdict */; };
		B4B20EAC2A5631CF00314E1E /* UIColor.swift in Sources */ = {isa = PBXBuildFile; fileRef = B4B20EAB2A5631CF00314E1E /* UIColor.swift */; };
		B4F4E6862A42675A00E91D7C /* WorkoutPresenter.swift in Sources */ = {isa = PBXBuildFile; fileRef = B4F4E6812A42675A00E91D7C /* WorkoutPresenter.swift */; };
		B4F4E6872A42675A00E91D7C /* WorkoutRouter.swift in Sources */ = {isa = PBXBuildFile; fileRef = B4F4E6822A42675A00E91D7C /* WorkoutRouter.swift */; };
		B4F4E6882A42675A00E91D7C /* WorkoutInteractor.swift in Sources */ = {isa = PBXBuildFile; fileRef = B4F4E6832A42675A00E91D7C /* WorkoutInteractor.swift */; };
		B4F4E6892A42675A00E91D7C /* WorkoutView.swift in Sources */ = {isa = PBXBuildFile; fileRef = B4F4E6842A42675A00E91D7C /* WorkoutView.swift */; };
		B4F4E68A2A42675A00E91D7C /* WorkoutConfigurator.swift in Sources */ = {isa = PBXBuildFile; fileRef = B4F4E6852A42675A00E91D7C /* WorkoutConfigurator.swift */; };
		B4F4E68D2A426C0C00E91D7C /* WorkoutSettingTableViewCell.swift in Sources */ = {isa = PBXBuildFile; fileRef = B4F4E68C2A426C0C00E91D7C /* WorkoutSettingTableViewCell.swift */; };
		B4F4E6942A43B4EF00E91D7C /* SessionsPresenter.swift in Sources */ = {isa = PBXBuildFile; fileRef = B4F4E68F2A43B4EE00E91D7C /* SessionsPresenter.swift */; };
		B4F4E6952A43B4EF00E91D7C /* SessionsRouter.swift in Sources */ = {isa = PBXBuildFile; fileRef = B4F4E6902A43B4EE00E91D7C /* SessionsRouter.swift */; };
		B4F4E6962A43B4EF00E91D7C /* SessionsInteractor.swift in Sources */ = {isa = PBXBuildFile; fileRef = B4F4E6912A43B4EE00E91D7C /* SessionsInteractor.swift */; };
		B4F4E6972A43B4EF00E91D7C /* SessionsView.swift in Sources */ = {isa = PBXBuildFile; fileRef = B4F4E6922A43B4EF00E91D7C /* SessionsView.swift */; };
		B4F4E6982A43B4EF00E91D7C /* SessionsConfigurator.swift in Sources */ = {isa = PBXBuildFile; fileRef = B4F4E6932A43B4EF00E91D7C /* SessionsConfigurator.swift */; };
		B4F4E69F2A461CA600E91D7C /* SessionFormPresenter.swift in Sources */ = {isa = PBXBuildFile; fileRef = B4F4E69A2A461CA600E91D7C /* SessionFormPresenter.swift */; };
		B4F4E6A02A461CA600E91D7C /* SessionFormRouter.swift in Sources */ = {isa = PBXBuildFile; fileRef = B4F4E69B2A461CA600E91D7C /* SessionFormRouter.swift */; };
		B4F4E6A12A461CA600E91D7C /* SessionFormInteractor.swift in Sources */ = {isa = PBXBuildFile; fileRef = B4F4E69C2A461CA600E91D7C /* SessionFormInteractor.swift */; };
		B4F4E6A22A461CA600E91D7C /* SessionFormView.swift in Sources */ = {isa = PBXBuildFile; fileRef = B4F4E69D2A461CA600E91D7C /* SessionFormView.swift */; };
		B4F4E6A32A461CA600E91D7C /* SessionFormConfigurator.swift in Sources */ = {isa = PBXBuildFile; fileRef = B4F4E69E2A461CA600E91D7C /* SessionFormConfigurator.swift */; };
		B4FB81502A59E8670081F29C /* NotificationManager.swift in Sources */ = {isa = PBXBuildFile; fileRef = B4FB814F2A59E8670081F29C /* NotificationManager.swift */; };
		B4FB81522A5BA9C30081F29C /* SessionToNotificationMapper.swift in Sources */ = {isa = PBXBuildFile; fileRef = B4FB81512A5BA9C30081F29C /* SessionToNotificationMapper.swift */; };
		B4FB81542A5C905F0081F29C /* ToggleImageView.swift in Sources */ = {isa = PBXBuildFile; fileRef = B4FB81532A5C905F0081F29C /* ToggleImageView.swift */; };
		B4FB81572A5F45F90081F29C /* AppearanceManager.swift in Sources */ = {isa = PBXBuildFile; fileRef = B4FB81562A5F45F90081F29C /* AppearanceManager.swift */; };
/* End PBXBuildFile section */

/* Begin PBXFileReference section */
		76DF92F52EB8EB3C3BDAD51C /* Pods-Workout.debug.xcconfig */ = {isa = PBXFileReference; includeInIndex = 1; lastKnownFileType = text.xcconfig; name = "Pods-Workout.debug.xcconfig"; path = "Target Support Files/Pods-Workout/Pods-Workout.debug.xcconfig"; sourceTree = "<group>"; };
		807C4706EE7DB0999C080974 /* Pods_Workout.framework */ = {isa = PBXFileReference; explicitFileType = wrapper.framework; includeInIndex = 0; path = Pods_Workout.framework; sourceTree = BUILT_PRODUCTS_DIR; };
		B401E9052A47686C00D5A678 /* DaySelectionView.swift */ = {isa = PBXFileReference; lastKnownFileType = sourcecode.swift; path = DaySelectionView.swift; sourceTree = "<group>"; };
		B401E9082A4773E200D5A678 /* SessionFormModels.swift */ = {isa = PBXFileReference; lastKnownFileType = sourcecode.swift; path = SessionFormModels.swift; sourceTree = "<group>"; };
		B401E90A2A47D1D000D5A678 /* Session.swift */ = {isa = PBXFileReference; lastKnownFileType = sourcecode.swift; path = Session.swift; sourceTree = "<group>"; };
		B401E90D2A47D6BF00D5A678 /* SessionTableViewCell.swift */ = {isa = PBXFileReference; lastKnownFileType = sourcecode.swift; path = SessionTableViewCell.swift; sourceTree = "<group>"; };
		B401E90F2A48F5C200D5A678 /* TabViewController.swift */ = {isa = PBXFileReference; lastKnownFileType = sourcecode.swift; path = TabViewController.swift; sourceTree = "<group>"; };
		B401E9132A48F83C00D5A678 /* ScheduledSessionsPresenter.swift */ = {isa = PBXFileReference; lastKnownFileType = sourcecode.swift; path = ScheduledSessionsPresenter.swift; sourceTree = "<group>"; };
		B401E9142A48F83C00D5A678 /* ScheduledSessionsRouter.swift */ = {isa = PBXFileReference; lastKnownFileType = sourcecode.swift; path = ScheduledSessionsRouter.swift; sourceTree = "<group>"; };
		B401E9152A48F83C00D5A678 /* ScheduledSessionsInteractor.swift */ = {isa = PBXFileReference; lastKnownFileType = sourcecode.swift; path = ScheduledSessionsInteractor.swift; sourceTree = "<group>"; };
		B401E9162A48F83C00D5A678 /* ScheduledSessionsView.swift */ = {isa = PBXFileReference; lastKnownFileType = sourcecode.swift; path = ScheduledSessionsView.swift; sourceTree = "<group>"; };
		B401E9172A48F83C00D5A678 /* ScheduledSessionsConfigurator.swift */ = {isa = PBXFileReference; lastKnownFileType = sourcecode.swift; path = ScheduledSessionsConfigurator.swift; sourceTree = "<group>"; };
		B401E91D2A48F91A00D5A678 /* Workout.swift */ = {isa = PBXFileReference; lastKnownFileType = sourcecode.swift; path = Workout.swift; sourceTree = "<group>"; };
		B401E91F2A49025D00D5A678 /* CoreDataManager.swift */ = {isa = PBXFileReference; lastKnownFileType = sourcecode.swift; path = CoreDataManager.swift; sourceTree = "<group>"; };
		B401E9212A4937C500D5A678 /* Date.swift */ = {isa = PBXFileReference; lastKnownFileType = sourcecode.swift; path = Date.swift; sourceTree = "<group>"; };
		B410BFCD2A2D994500899BBC /* StyledButton.swift */ = {isa = PBXFileReference; lastKnownFileType = sourcecode.swift; path = StyledButton.swift; sourceTree = "<group>"; };
		B410BFCF2A2E4EB200899BBC /* String.swift */ = {isa = PBXFileReference; lastKnownFileType = sourcecode.swift; path = String.swift; sourceTree = "<group>"; };
		B410BFD22A2E8EDF00899BBC /* ExerciseFormModels.swift */ = {isa = PBXFileReference; lastKnownFileType = sourcecode.swift; path = ExerciseFormModels.swift; sourceTree = "<group>"; };
		B410BFD72A32085D00899BBC /* WorkoutFormPresenter.swift */ = {isa = PBXFileReference; lastKnownFileType = sourcecode.swift; path = WorkoutFormPresenter.swift; sourceTree = "<group>"; };
		B410BFD82A32085D00899BBC /* WorkoutFormRouter.swift */ = {isa = PBXFileReference; lastKnownFileType = sourcecode.swift; path = WorkoutFormRouter.swift; sourceTree = "<group>"; };
		B410BFD92A32085D00899BBC /* WorkoutFormInteractor.swift */ = {isa = PBXFileReference; lastKnownFileType = sourcecode.swift; path = WorkoutFormInteractor.swift; sourceTree = "<group>"; };
		B410BFDA2A32085D00899BBC /* WorkoutFormView.swift */ = {isa = PBXFileReference; lastKnownFileType = sourcecode.swift; path = WorkoutFormView.swift; sourceTree = "<group>"; };
		B410BFDB2A32085D00899BBC /* WorkoutFormConfigurator.swift */ = {isa = PBXFileReference; lastKnownFileType = sourcecode.swift; path = WorkoutFormConfigurator.swift; sourceTree = "<group>"; };
		B410BFE22A321D2D00899BBC /* WorkoutFormModels.swift */ = {isa = PBXFileReference; lastKnownFileType = sourcecode.swift; path = WorkoutFormModels.swift; sourceTree = "<group>"; };
		B4157A3D2A58747E0068B641 /* AppSettingsPresenter.swift */ = {isa = PBXFileReference; lastKnownFileType = sourcecode.swift; path = AppSettingsPresenter.swift; sourceTree = "<group>"; };
		B4157A3E2A58747E0068B641 /* AppSettingsRouter.swift */ = {isa = PBXFileReference; lastKnownFileType = sourcecode.swift; path = AppSettingsRouter.swift; sourceTree = "<group>"; };
		B4157A3F2A58747E0068B641 /* AppSettingsInteractor.swift */ = {isa = PBXFileReference; lastKnownFileType = sourcecode.swift; path = AppSettingsInteractor.swift; sourceTree = "<group>"; };
		B4157A402A58747E0068B641 /* AppSettingsView.swift */ = {isa = PBXFileReference; lastKnownFileType = sourcecode.swift; path = AppSettingsView.swift; sourceTree = "<group>"; };
		B4157A412A58747E0068B641 /* AppSettingsConfigurator.swift */ = {isa = PBXFileReference; lastKnownFileType = sourcecode.swift; path = AppSettingsConfigurator.swift; sourceTree = "<group>"; };
		B4157A472A58749C0068B641 /* AppSettingTableViewCell.swift */ = {isa = PBXFileReference; lastKnownFileType = sourcecode.swift; path = AppSettingTableViewCell.swift; sourceTree = "<group>"; };
		B42BCB292A33E106006FCEDE /* ActivityIndicator.swift */ = {isa = PBXFileReference; lastKnownFileType = sourcecode.swift; path = ActivityIndicator.swift; sourceTree = "<group>"; };
		B42BCB2B2A33E2BE006FCEDE /* BaseViewController.swift */ = {isa = PBXFileReference; lastKnownFileType = sourcecode.swift; path = BaseViewController.swift; sourceTree = "<group>"; };
		B43332452A57A9CD00A8F2DF /* UIViewController.swift */ = {isa = PBXFileReference; lastKnownFileType = sourcecode.swift; path = UIViewController.swift; sourceTree = "<group>"; };
		B440C5C42A3220FB008154CE /* WorkoutTableViewCell.swift */ = {isa = PBXFileReference; lastKnownFileType = sourcecode.swift; path = WorkoutTableViewCell.swift; sourceTree = "<group>"; };
		B440C5C62A3221AC008154CE /* StackView.swift */ = {isa = PBXFileReference; lastKnownFileType = sourcecode.swift; path = StackView.swift; sourceTree = "<group>"; };
		B440C5CD2A32851B008154CE /* ValidatedFormField.swift */ = {isa = PBXFileReference; lastKnownFileType = sourcecode.swift; path = ValidatedFormField.swift; sourceTree = "<group>"; };
		B440C5D12A328DA0008154CE /* ValidationEntity.swift */ = {isa = PBXFileReference; lastKnownFileType = sourcecode.swift; path = ValidationEntity.swift; sourceTree = "<group>"; };
		B44CD5092A49F3030070ED15 /* ScheduledSessionTableViewCell.swift */ = {isa = PBXFileReference; lastKnownFileType = sourcecode.swift; path = ScheduledSessionTableViewCell.swift; sourceTree = "<group>"; };
		B44CD50C2A4B2FE30070ED15 /* ScheduledSessionFormPresenter.swift */ = {isa = PBXFileReference; lastKnownFileType = sourcecode.swift; path = ScheduledSessionFormPresenter.swift; sourceTree = "<group>"; };
		B44CD50D2A4B2FE30070ED15 /* ScheduledSessionFormRouter.swift */ = {isa = PBXFileReference; lastKnownFileType = sourcecode.swift; path = ScheduledSessionFormRouter.swift; sourceTree = "<group>"; };
		B44CD50E2A4B2FE30070ED15 /* ScheduledSessionFormInteractor.swift */ = {isa = PBXFileReference; lastKnownFileType = sourcecode.swift; path = ScheduledSessionFormInteractor.swift; sourceTree = "<group>"; };
		B44CD50F2A4B2FE30070ED15 /* ScheduledSessionFormView.swift */ = {isa = PBXFileReference; lastKnownFileType = sourcecode.swift; path = ScheduledSessionFormView.swift; sourceTree = "<group>"; };
		B44CD5102A4B2FE30070ED15 /* ScheduledSessionFormConfigurator.swift */ = {isa = PBXFileReference; lastKnownFileType = sourcecode.swift; path = ScheduledSessionFormConfigurator.swift; sourceTree = "<group>"; };
		B44CD5162A4B48B60070ED15 /* ExercisesTableView.swift */ = {isa = PBXFileReference; lastKnownFileType = sourcecode.swift; path = ExercisesTableView.swift; sourceTree = "<group>"; };
		B46334392A5634C9007597B4 /* ShadowedRoundedView.swift */ = {isa = PBXFileReference; lastKnownFileType = sourcecode.swift; path = ShadowedRoundedView.swift; sourceTree = "<group>"; };
		B463343B2A5654C3007597B4 /* Double.swift */ = {isa = PBXFileReference; lastKnownFileType = sourcecode.swift; path = Double.swift; sourceTree = "<group>"; };
		B48B86C92A2A5D48007638C0 /* WorkoutsPresenter.swift */ = {isa = PBXFileReference; lastKnownFileType = sourcecode.swift; path = WorkoutsPresenter.swift; sourceTree = "<group>"; };
		B48B86CA2A2A5D48007638C0 /* WorkoutsRouter.swift */ = {isa = PBXFileReference; lastKnownFileType = sourcecode.swift; path = WorkoutsRouter.swift; sourceTree = "<group>"; };
		B48B86CB2A2A5D48007638C0 /* WorkoutsInteractor.swift */ = {isa = PBXFileReference; lastKnownFileType = sourcecode.swift; path = WorkoutsInteractor.swift; sourceTree = "<group>"; };
		B48B86CC2A2A5D48007638C0 /* WorkoutsView.swift */ = {isa = PBXFileReference; lastKnownFileType = sourcecode.swift; path = WorkoutsView.swift; sourceTree = "<group>"; };
		B48B86CD2A2A5D48007638C0 /* WorkoutsConfigurator.swift */ = {isa = PBXFileReference; lastKnownFileType = sourcecode.swift; path = WorkoutsConfigurator.swift; sourceTree = "<group>"; };
		B48B86D52A2A6B67007638C0 /* UITableView.swift */ = {isa = PBXFileReference; lastKnownFileType = sourcecode.swift; path = UITableView.swift; sourceTree = "<group>"; };
		B48B86D72A2A6C03007638C0 /* UITableViewCell.swift */ = {isa = PBXFileReference; lastKnownFileType = sourcecode.swift; path = UITableViewCell.swift; sourceTree = "<group>"; };
		B48B86D92A2A6E17007638C0 /* UIImage.swift */ = {isa = PBXFileReference; lastKnownFileType = sourcecode.swift; path = UIImage.swift; sourceTree = "<group>"; };
		B48B86DC2A2BEDDF007638C0 /* ExercisesPresenter.swift */ = {isa = PBXFileReference; lastKnownFileType = sourcecode.swift; path = ExercisesPresenter.swift; sourceTree = "<group>"; };
		B48B86DD2A2BEDDF007638C0 /* ExercisesRouter.swift */ = {isa = PBXFileReference; lastKnownFileType = sourcecode.swift; path = ExercisesRouter.swift; sourceTree = "<group>"; };
		B48B86DE2A2BEDDF007638C0 /* ExercisesInteractor.swift */ = {isa = PBXFileReference; lastKnownFileType = sourcecode.swift; path = ExercisesInteractor.swift; sourceTree = "<group>"; };
		B48B86DF2A2BEDDF007638C0 /* ExercisesView.swift */ = {isa = PBXFileReference; lastKnownFileType = sourcecode.swift; path = ExercisesView.swift; sourceTree = "<group>"; };
		B48B86E02A2BEDDF007638C0 /* ExercisesConfigurator.swift */ = {isa = PBXFileReference; lastKnownFileType = sourcecode.swift; path = ExercisesConfigurator.swift; sourceTree = "<group>"; };
		B48B86E72A2BF63D007638C0 /* ExerciseFormPresenter.swift */ = {isa = PBXFileReference; lastKnownFileType = sourcecode.swift; path = ExerciseFormPresenter.swift; sourceTree = "<group>"; };
		B48B86E82A2BF63D007638C0 /* ExerciseFormRouter.swift */ = {isa = PBXFileReference; lastKnownFileType = sourcecode.swift; path = ExerciseFormRouter.swift; sourceTree = "<group>"; };
		B48B86E92A2BF63D007638C0 /* ExerciseFormInteractor.swift */ = {isa = PBXFileReference; lastKnownFileType = sourcecode.swift; path = ExerciseFormInteractor.swift; sourceTree = "<group>"; };
		B48B86EA2A2BF63D007638C0 /* ExerciseFormView.swift */ = {isa = PBXFileReference; lastKnownFileType = sourcecode.swift; path = ExerciseFormView.swift; sourceTree = "<group>"; };
		B48B86EB2A2BF63D007638C0 /* ExerciseFormConfigurator.swift */ = {isa = PBXFileReference; lastKnownFileType = sourcecode.swift; path = ExerciseFormConfigurator.swift; sourceTree = "<group>"; };
		B48B86F22A2BF77E007638C0 /* ValidatedTextField.swift */ = {isa = PBXFileReference; lastKnownFileType = sourcecode.swift; path = ValidatedTextField.swift; sourceTree = "<group>"; };
		B48B86F42A2D326F007638C0 /* MultilineLabel.swift */ = {isa = PBXFileReference; lastKnownFileType = sourcecode.swift; path = MultilineLabel.swift; sourceTree = "<group>"; };
		B48B86F72A2D32BE007638C0 /* Exercise.swift */ = {isa = PBXFileReference; lastKnownFileType = sourcecode.swift; path = Exercise.swift; sourceTree = "<group>"; };
		B48B86FA2A2D34FC007638C0 /* ExerciseTableViewCell.swift */ = {isa = PBXFileReference; lastKnownFileType = sourcecode.swift; path = ExerciseTableViewCell.swift; sourceTree = "<group>"; };
		B4A28E4C2A37826600FB74C3 /* UITableViewHeaderFooterView.swift */ = {isa = PBXFileReference; lastKnownFileType = sourcecode.swift; path = UITableViewHeaderFooterView.swift; sourceTree = "<group>"; };
		B4B10AC42A2127BF00017AA3 /* Workout.app */ = {isa = PBXFileReference; explicitFileType = wrapper.application; includeInIndex = 0; path = Workout.app; sourceTree = BUILT_PRODUCTS_DIR; };
		B4B10AC72A2127BF00017AA3 /* AppDelegate.swift */ = {isa = PBXFileReference; lastKnownFileType = sourcecode.swift; path = AppDelegate.swift; sourceTree = "<group>"; };
		B4B10AC92A2127BF00017AA3 /* SceneDelegate.swift */ = {isa = PBXFileReference; lastKnownFileType = sourcecode.swift; path = SceneDelegate.swift; sourceTree = "<group>"; };
		B4B10AD02A2127BF00017AA3 /* Assets.xcassets */ = {isa = PBXFileReference; lastKnownFileType = folder.assetcatalog; path = Assets.xcassets; sourceTree = "<group>"; };
		B4B10AD32A2127BF00017AA3 /* Base */ = {isa = PBXFileReference; lastKnownFileType = file.storyboard; name = Base; path = Base.lproj/LaunchScreen.storyboard; sourceTree = "<group>"; };
		B4B10AD52A2127BF00017AA3 /* Info.plist */ = {isa = PBXFileReference; lastKnownFileType = text.plist.xml; path = Info.plist; sourceTree = "<group>"; };
		B4B10ADC2A212C1700017AA3 /* Workout.xcdatamodel */ = {isa = PBXFileReference; lastKnownFileType = wrapper.xcdatamodel; path = Workout.xcdatamodel; sourceTree = "<group>"; };
		B4B20EA92A5329C900314E1E /* en */ = {isa = PBXFileReference; lastKnownFileType = text.plist.stringsdict; name = en; path = en.lproj/Localizable.stringsdict; sourceTree = "<group>"; };
		B4B20EAB2A5631CF00314E1E /* UIColor.swift */ = {isa = PBXFileReference; lastKnownFileType = sourcecode.swift; name = UIColor.swift; path = /Users/salva/Desktop/Workout/Workout/Utilities/Extensions/UIColor.swift; sourceTree = "<absolute>"; };
		B4F4E6812A42675A00E91D7C /* WorkoutPresenter.swift */ = {isa = PBXFileReference; lastKnownFileType = sourcecode.swift; path = WorkoutPresenter.swift; sourceTree = "<group>"; };
		B4F4E6822A42675A00E91D7C /* WorkoutRouter.swift */ = {isa = PBXFileReference; lastKnownFileType = sourcecode.swift; path = WorkoutRouter.swift; sourceTree = "<group>"; };
		B4F4E6832A42675A00E91D7C /* WorkoutInteractor.swift */ = {isa = PBXFileReference; lastKnownFileType = sourcecode.swift; path = WorkoutInteractor.swift; sourceTree = "<group>"; };
		B4F4E6842A42675A00E91D7C /* WorkoutView.swift */ = {isa = PBXFileReference; lastKnownFileType = sourcecode.swift; path = WorkoutView.swift; sourceTree = "<group>"; };
		B4F4E6852A42675A00E91D7C /* WorkoutConfigurator.swift */ = {isa = PBXFileReference; lastKnownFileType = sourcecode.swift; path = WorkoutConfigurator.swift; sourceTree = "<group>"; };
		B4F4E68C2A426C0C00E91D7C /* WorkoutSettingTableViewCell.swift */ = {isa = PBXFileReference; lastKnownFileType = sourcecode.swift; path = WorkoutSettingTableViewCell.swift; sourceTree = "<group>"; };
		B4F4E68F2A43B4EE00E91D7C /* SessionsPresenter.swift */ = {isa = PBXFileReference; lastKnownFileType = sourcecode.swift; path = SessionsPresenter.swift; sourceTree = "<group>"; };
		B4F4E6902A43B4EE00E91D7C /* SessionsRouter.swift */ = {isa = PBXFileReference; lastKnownFileType = sourcecode.swift; path = SessionsRouter.swift; sourceTree = "<group>"; };
		B4F4E6912A43B4EE00E91D7C /* SessionsInteractor.swift */ = {isa = PBXFileReference; lastKnownFileType = sourcecode.swift; path = SessionsInteractor.swift; sourceTree = "<group>"; };
		B4F4E6922A43B4EF00E91D7C /* SessionsView.swift */ = {isa = PBXFileReference; lastKnownFileType = sourcecode.swift; path = SessionsView.swift; sourceTree = "<group>"; };
		B4F4E6932A43B4EF00E91D7C /* SessionsConfigurator.swift */ = {isa = PBXFileReference; lastKnownFileType = sourcecode.swift; path = SessionsConfigurator.swift; sourceTree = "<group>"; };
		B4F4E69A2A461CA600E91D7C /* SessionFormPresenter.swift */ = {isa = PBXFileReference; lastKnownFileType = sourcecode.swift; path = SessionFormPresenter.swift; sourceTree = "<group>"; };
		B4F4E69B2A461CA600E91D7C /* SessionFormRouter.swift */ = {isa = PBXFileReference; lastKnownFileType = sourcecode.swift; path = SessionFormRouter.swift; sourceTree = "<group>"; };
		B4F4E69C2A461CA600E91D7C /* SessionFormInteractor.swift */ = {isa = PBXFileReference; lastKnownFileType = sourcecode.swift; path = SessionFormInteractor.swift; sourceTree = "<group>"; };
		B4F4E69D2A461CA600E91D7C /* SessionFormView.swift */ = {isa = PBXFileReference; lastKnownFileType = sourcecode.swift; path = SessionFormView.swift; sourceTree = "<group>"; };
		B4F4E69E2A461CA600E91D7C /* SessionFormConfigurator.swift */ = {isa = PBXFileReference; lastKnownFileType = sourcecode.swift; path = SessionFormConfigurator.swift; sourceTree = "<group>"; };
		B4FB814F2A59E8670081F29C /* NotificationManager.swift */ = {isa = PBXFileReference; lastKnownFileType = sourcecode.swift; path = NotificationManager.swift; sourceTree = "<group>"; };
		B4FB81512A5BA9C30081F29C /* SessionToNotificationMapper.swift */ = {isa = PBXFileReference; lastKnownFileType = sourcecode.swift; path = SessionToNotificationMapper.swift; sourceTree = "<group>"; };
		B4FB81532A5C905F0081F29C /* ToggleImageView.swift */ = {isa = PBXFileReference; lastKnownFileType = sourcecode.swift; path = ToggleImageView.swift; sourceTree = "<group>"; };
		B4FB81562A5F45F90081F29C /* AppearanceManager.swift */ = {isa = PBXFileReference; lastKnownFileType = sourcecode.swift; path = AppearanceManager.swift; sourceTree = "<group>"; };
		EE388AD70767F45B2D7F6698 /* Pods-Workout.release.xcconfig */ = {isa = PBXFileReference; includeInIndex = 1; lastKnownFileType = text.xcconfig; name = "Pods-Workout.release.xcconfig"; path = "Target Support Files/Pods-Workout/Pods-Workout.release.xcconfig"; sourceTree = "<group>"; };
/* End PBXFileReference section */

/* Begin PBXFrameworksBuildPhase section */
		B4B10AC12A2127BF00017AA3 /* Frameworks */ = {
			isa = PBXFrameworksBuildPhase;
			buildActionMask = 2147483647;
			files = (
				707134253627F437401FF28D /* Pods_Workout.framework in Frameworks */,
			);
			runOnlyForDeploymentPostprocessing = 0;
		};
/* End PBXFrameworksBuildPhase section */

/* Begin PBXGroup section */
		291B192AA11355DE84B0D787 /* Frameworks */ = {
			isa = PBXGroup;
			children = (
				807C4706EE7DB0999C080974 /* Pods_Workout.framework */,
			);
			name = Frameworks;
			sourceTree = "<group>";
		};
		B401E9072A4773C700D5A678 /* Models */ = {
			isa = PBXGroup;
			children = (
				B401E9082A4773E200D5A678 /* SessionFormModels.swift */,
			);
			path = Models;
			sourceTree = "<group>";
		};
		B401E90C2A47D6AA00D5A678 /* Cell */ = {
			isa = PBXGroup;
			children = (
				B401E90D2A47D6BF00D5A678 /* SessionTableViewCell.swift */,
			);
			path = Cell;
			sourceTree = "<group>";
		};
		B401E9112A48F7E400D5A678 /* Home */ = {
			isa = PBXGroup;
			children = (
				B4F4E68E2A43B4D500E91D7C /* Sessions */,
				B48B86DB2A2BED8D007638C0 /* Exercises */,
				B4B10ADE2A279DB700017AA3 /* Workouts */,
			);
			path = Home;
			sourceTree = "<group>";
		};
		B401E9122A48F7EF00D5A678 /* ScheduledSessions */ = {
			isa = PBXGroup;
			children = (
				B44CD50B2A4B2F740070ED15 /* ScheduledSessionForm */,
				B44CD5082A49F2F70070ED15 /* Cell */,
				B401E9132A48F83C00D5A678 /* ScheduledSessionsPresenter.swift */,
				B401E9142A48F83C00D5A678 /* ScheduledSessionsRouter.swift */,
				B401E9152A48F83C00D5A678 /* ScheduledSessionsInteractor.swift */,
				B401E9162A48F83C00D5A678 /* ScheduledSessionsView.swift */,
				B401E9172A48F83C00D5A678 /* ScheduledSessionsConfigurator.swift */,
			);
			path = ScheduledSessions;
			sourceTree = "<group>";
		};
		B410BFD12A2E8EC300899BBC /* Models */ = {
			isa = PBXGroup;
			children = (
				B410BFD22A2E8EDF00899BBC /* ExerciseFormModels.swift */,
			);
			path = Models;
			sourceTree = "<group>";
		};
		B410BFD62A32083F00899BBC /* WorkoutsForm */ = {
			isa = PBXGroup;
			children = (
				B410BFE12A321CF600899BBC /* Models */,
				B410BFD72A32085D00899BBC /* WorkoutFormPresenter.swift */,
				B410BFD82A32085D00899BBC /* WorkoutFormRouter.swift */,
				B410BFD92A32085D00899BBC /* WorkoutFormInteractor.swift */,
				B410BFDA2A32085D00899BBC /* WorkoutFormView.swift */,
				B410BFDB2A32085D00899BBC /* WorkoutFormConfigurator.swift */,
			);
			path = WorkoutsForm;
			sourceTree = "<group>";
		};
		B410BFE12A321CF600899BBC /* Models */ = {
			isa = PBXGroup;
			children = (
				B410BFE22A321D2D00899BBC /* WorkoutFormModels.swift */,
			);
			path = Models;
			sourceTree = "<group>";
		};
		B4157A3C2A5874490068B641 /* AppSettings */ = {
			isa = PBXGroup;
			children = (
				B4157A492A5876480068B641 /* Cell */,
				B4157A3D2A58747E0068B641 /* AppSettingsPresenter.swift */,
				B4157A3E2A58747E0068B641 /* AppSettingsRouter.swift */,
				B4157A3F2A58747E0068B641 /* AppSettingsInteractor.swift */,
				B4157A402A58747E0068B641 /* AppSettingsView.swift */,
				B4157A412A58747E0068B641 /* AppSettingsConfigurator.swift */,
			);
			path = AppSettings;
			sourceTree = "<group>";
		};
		B4157A492A5876480068B641 /* Cell */ = {
			isa = PBXGroup;
			children = (
				B4157A472A58749C0068B641 /* AppSettingTableViewCell.swift */,
			);
			path = Cell;
			sourceTree = "<group>";
		};
		B440C5C32A3220DE008154CE /* Cell */ = {
			isa = PBXGroup;
			children = (
				B440C5C42A3220FB008154CE /* WorkoutTableViewCell.swift */,
			);
			path = Cell;
			sourceTree = "<group>";
		};
		B440C5CF2A328534008154CE /* ValidatedFormField */ = {
			isa = PBXGroup;
			children = (
				B440C5D02A328D97008154CE /* Models */,
				B440C5CD2A32851B008154CE /* ValidatedFormField.swift */,
				B48B86F22A2BF77E007638C0 /* ValidatedTextField.swift */,
			);
			path = ValidatedFormField;
			sourceTree = "<group>";
		};
		B440C5D02A328D97008154CE /* Models */ = {
			isa = PBXGroup;
			children = (
				B440C5D12A328DA0008154CE /* ValidationEntity.swift */,
			);
			path = Models;
			sourceTree = "<group>";
		};
		B44CD5082A49F2F70070ED15 /* Cell */ = {
			isa = PBXGroup;
			children = (
				B44CD5092A49F3030070ED15 /* ScheduledSessionTableViewCell.swift */,
			);
			path = Cell;
			sourceTree = "<group>";
		};
		B44CD50B2A4B2F740070ED15 /* ScheduledSessionForm */ = {
			isa = PBXGroup;
			children = (
				B44CD50C2A4B2FE30070ED15 /* ScheduledSessionFormPresenter.swift */,
				B44CD50D2A4B2FE30070ED15 /* ScheduledSessionFormRouter.swift */,
				B44CD50E2A4B2FE30070ED15 /* ScheduledSessionFormInteractor.swift */,
				B44CD50F2A4B2FE30070ED15 /* ScheduledSessionFormView.swift */,
				B44CD5102A4B2FE30070ED15 /* ScheduledSessionFormConfigurator.swift */,
			);
			path = ScheduledSessionForm;
			sourceTree = "<group>";
		};
		B48B86D32A2A6B53007638C0 /* Utilities */ = {
			isa = PBXGroup;
			children = (
				B4FB81552A5F45EE0081F29C /* AppearanceManager */,
				B4FB814E2A59E8490081F29C /* NotificationManager */,
				B48B86F62A2D32B5007638C0 /* CoreData */,
				B48B86F12A2BF76F007638C0 /* Components */,
				B48B86D42A2A6B5A007638C0 /* Extensions */,
			);
			path = Utilities;
			sourceTree = "<group>";
		};
		B48B86D42A2A6B5A007638C0 /* Extensions */ = {
			isa = PBXGroup;
			children = (
				B48B86D52A2A6B67007638C0 /* UITableView.swift */,
				B43332452A57A9CD00A8F2DF /* UIViewController.swift */,
				B48B86D92A2A6E17007638C0 /* UIImage.swift */,
				B4B20EAB2A5631CF00314E1E /* UIColor.swift */,
				B48B86D72A2A6C03007638C0 /* UITableViewCell.swift */,
				B4A28E4C2A37826600FB74C3 /* UITableViewHeaderFooterView.swift */,
				B410BFCF2A2E4EB200899BBC /* String.swift */,
				B463343B2A5654C3007597B4 /* Double.swift */,
				B401E9212A4937C500D5A678 /* Date.swift */,
			);
			path = Extensions;
			sourceTree = "<group>";
		};
		B48B86DB2A2BED8D007638C0 /* Exercises */ = {
			isa = PBXGroup;
			children = (
				B48B86E62A2BF628007638C0 /* ExerciseForm */,
				B48B86F92A2D34F0007638C0 /* Cell */,
				B48B86DC2A2BEDDF007638C0 /* ExercisesPresenter.swift */,
				B48B86DD2A2BEDDF007638C0 /* ExercisesRouter.swift */,
				B48B86DE2A2BEDDF007638C0 /* ExercisesInteractor.swift */,
				B48B86DF2A2BEDDF007638C0 /* ExercisesView.swift */,
				B48B86E02A2BEDDF007638C0 /* ExercisesConfigurator.swift */,
			);
			path = Exercises;
			sourceTree = "<group>";
		};
		B48B86E62A2BF628007638C0 /* ExerciseForm */ = {
			isa = PBXGroup;
			children = (
				B410BFD12A2E8EC300899BBC /* Models */,
				B48B86E72A2BF63D007638C0 /* ExerciseFormPresenter.swift */,
				B48B86E82A2BF63D007638C0 /* ExerciseFormRouter.swift */,
				B48B86E92A2BF63D007638C0 /* ExerciseFormInteractor.swift */,
				B48B86EA2A2BF63D007638C0 /* ExerciseFormView.swift */,
				B48B86EB2A2BF63D007638C0 /* ExerciseFormConfigurator.swift */,
			);
			path = ExerciseForm;
			sourceTree = "<group>";
		};
		B48B86F12A2BF76F007638C0 /* Components */ = {
			isa = PBXGroup;
			children = (
				B440C5CF2A328534008154CE /* ValidatedFormField */,
				B401E9052A47686C00D5A678 /* DaySelectionView.swift */,
				B410BFCD2A2D994500899BBC /* StyledButton.swift */,
				B42BCB2B2A33E2BE006FCEDE /* BaseViewController.swift */,
				B46334392A5634C9007597B4 /* ShadowedRoundedView.swift */,
				B42BCB292A33E106006FCEDE /* ActivityIndicator.swift */,
				B48B86F42A2D326F007638C0 /* MultilineLabel.swift */,
				B440C5C62A3221AC008154CE /* StackView.swift */,
				B401E90F2A48F5C200D5A678 /* TabViewController.swift */,
				B44CD5162A4B48B60070ED15 /* ExercisesTableView.swift */,
				B4FB81532A5C905F0081F29C /* ToggleImageView.swift */,
			);
			path = Components;
			sourceTree = "<group>";
		};
		B48B86F62A2D32B5007638C0 /* CoreData */ = {
			isa = PBXGroup;
			children = (
				B401E91F2A49025D00D5A678 /* CoreDataManager.swift */,
				B48B86F72A2D32BE007638C0 /* Exercise.swift */,
				B401E91D2A48F91A00D5A678 /* Workout.swift */,
				B401E90A2A47D1D000D5A678 /* Session.swift */,
			);
			path = CoreData;
			sourceTree = "<group>";
		};
		B48B86F92A2D34F0007638C0 /* Cell */ = {
			isa = PBXGroup;
			children = (
				B48B86FA2A2D34FC007638C0 /* ExerciseTableViewCell.swift */,
			);
			path = Cell;
			sourceTree = "<group>";
		};
		B4B10ABB2A2127BF00017AA3 = {
			isa = PBXGroup;
			children = (
				B4B10AC62A2127BF00017AA3 /* Workout */,
				B4B10AC52A2127BF00017AA3 /* Products */,
				EA77C3472D87BA35CD6BA8ED /* Pods */,
				291B192AA11355DE84B0D787 /* Frameworks */,
			);
			sourceTree = "<group>";
		};
		B4B10AC52A2127BF00017AA3 /* Products */ = {
			isa = PBXGroup;
			children = (
				B4B10AC42A2127BF00017AA3 /* Workout.app */,
			);
			name = Products;
			sourceTree = "<group>";
		};
		B4B10AC62A2127BF00017AA3 /* Workout */ = {
			isa = PBXGroup;
			children = (
				B401E9112A48F7E400D5A678 /* Home */,
				B401E9122A48F7EF00D5A678 /* ScheduledSessions */,
				B4157A3C2A5874490068B641 /* AppSettings */,
				B48B86D32A2A6B53007638C0 /* Utilities */,
				B4B10AC72A2127BF00017AA3 /* AppDelegate.swift */,
				B4B10AC92A2127BF00017AA3 /* SceneDelegate.swift */,
				B4B20EAA2A5329C900314E1E /* Localizable.stringsdict */,
				B4B10ADB2A212C1700017AA3 /* Workout.xcdatamodeld */,
				B4B10AD02A2127BF00017AA3 /* Assets.xcassets */,
				B4B10AD22A2127BF00017AA3 /* LaunchScreen.storyboard */,
				B4B10AD52A2127BF00017AA3 /* Info.plist */,
			);
			path = Workout;
			sourceTree = "<group>";
		};
		B4B10ADE2A279DB700017AA3 /* Workouts */ = {
			isa = PBXGroup;
			children = (
				B440C5C32A3220DE008154CE /* Cell */,
				B48B86C92A2A5D48007638C0 /* WorkoutsPresenter.swift */,
				B48B86CA2A2A5D48007638C0 /* WorkoutsRouter.swift */,
				B48B86CB2A2A5D48007638C0 /* WorkoutsInteractor.swift */,
				B48B86CC2A2A5D48007638C0 /* WorkoutsView.swift */,
				B48B86CD2A2A5D48007638C0 /* WorkoutsConfigurator.swift */,
				B4F4E6802A42673800E91D7C /* Workout */,
			);
			path = Workouts;
			sourceTree = "<group>";
		};
		B4F4E6802A42673800E91D7C /* Workout */ = {
			isa = PBXGroup;
			children = (
				B410BFD62A32083F00899BBC /* WorkoutsForm */,
				B4F4E68B2A426BE800E91D7C /* Cell */,
				B4F4E6812A42675A00E91D7C /* WorkoutPresenter.swift */,
				B4F4E6822A42675A00E91D7C /* WorkoutRouter.swift */,
				B4F4E6832A42675A00E91D7C /* WorkoutInteractor.swift */,
				B4F4E6842A42675A00E91D7C /* WorkoutView.swift */,
				B4F4E6852A42675A00E91D7C /* WorkoutConfigurator.swift */,
			);
			path = Workout;
			sourceTree = "<group>";
		};
		B4F4E68B2A426BE800E91D7C /* Cell */ = {
			isa = PBXGroup;
			children = (
				B4F4E68C2A426C0C00E91D7C /* WorkoutSettingTableViewCell.swift */,
			);
			path = Cell;
			sourceTree = "<group>";
		};
		B4F4E68E2A43B4D500E91D7C /* Sessions */ = {
			isa = PBXGroup;
			children = (
				B4F4E6992A461C9700E91D7C /* SessionForm */,
				B401E90C2A47D6AA00D5A678 /* Cell */,
				B4F4E68F2A43B4EE00E91D7C /* SessionsPresenter.swift */,
				B4F4E6902A43B4EE00E91D7C /* SessionsRouter.swift */,
				B4F4E6912A43B4EE00E91D7C /* SessionsInteractor.swift */,
				B4F4E6922A43B4EF00E91D7C /* SessionsView.swift */,
				B4F4E6932A43B4EF00E91D7C /* SessionsConfigurator.swift */,
			);
			path = Sessions;
			sourceTree = "<group>";
		};
		B4F4E6992A461C9700E91D7C /* SessionForm */ = {
			isa = PBXGroup;
			children = (
				B401E9072A4773C700D5A678 /* Models */,
				B4F4E69A2A461CA600E91D7C /* SessionFormPresenter.swift */,
				B4F4E69B2A461CA600E91D7C /* SessionFormRouter.swift */,
				B4F4E69C2A461CA600E91D7C /* SessionFormInteractor.swift */,
				B4F4E69D2A461CA600E91D7C /* SessionFormView.swift */,
				B4F4E69E2A461CA600E91D7C /* SessionFormConfigurator.swift */,
			);
			path = SessionForm;
			sourceTree = "<group>";
		};
		B4FB814E2A59E8490081F29C /* NotificationManager */ = {
			isa = PBXGroup;
			children = (
				B4FB814F2A59E8670081F29C /* NotificationManager.swift */,
				B4FB81512A5BA9C30081F29C /* SessionToNotificationMapper.swift */,
			);
			path = NotificationManager;
			sourceTree = "<group>";
		};
		B4FB81552A5F45EE0081F29C /* AppearanceManager */ = {
			isa = PBXGroup;
			children = (
				B4FB81562A5F45F90081F29C /* AppearanceManager.swift */,
			);
			path = AppearanceManager;
			sourceTree = "<group>";
		};
		EA77C3472D87BA35CD6BA8ED /* Pods */ = {
			isa = PBXGroup;
			children = (
				76DF92F52EB8EB3C3BDAD51C /* Pods-Workout.debug.xcconfig */,
				EE388AD70767F45B2D7F6698 /* Pods-Workout.release.xcconfig */,
			);
			path = Pods;
			sourceTree = "<group>";
		};
/* End PBXGroup section */

/* Begin PBXNativeTarget section */
		B4B10AC32A2127BF00017AA3 /* Workout */ = {
			isa = PBXNativeTarget;
			buildConfigurationList = B4B10AD82A2127BF00017AA3 /* Build configuration list for PBXNativeTarget "Workout" */;
			buildPhases = (
				20C578982756E0E1D682A888 /* [CP] Check Pods Manifest.lock */,
				B4B10AC02A2127BF00017AA3 /* Sources */,
				B4B10AC12A2127BF00017AA3 /* Frameworks */,
				B4B10AC22A2127BF00017AA3 /* Resources */,
				BC92471FE3EFF7377D2B9CF2 /* [CP] Embed Pods Frameworks */,
			);
			buildRules = (
			);
			dependencies = (
			);
			name = Workout;
			productName = Workout;
			productReference = B4B10AC42A2127BF00017AA3 /* Workout.app */;
			productType = "com.apple.product-type.application";
		};
/* End PBXNativeTarget section */

/* Begin PBXProject section */
		B4B10ABC2A2127BF00017AA3 /* Project object */ = {
			isa = PBXProject;
			attributes = {
				BuildIndependentTargetsInParallel = 1;
				LastSwiftUpdateCheck = 1400;
				LastUpgradeCheck = 1400;
				TargetAttributes = {
					B4B10AC32A2127BF00017AA3 = {
						CreatedOnToolsVersion = 14.0;
					};
				};
			};
			buildConfigurationList = B4B10ABF2A2127BF00017AA3 /* Build configuration list for PBXProject "Workout" */;
			compatibilityVersion = "Xcode 14.0";
			developmentRegion = en;
			hasScannedForEncodings = 0;
			knownRegions = (
				en,
				Base,
			);
			mainGroup = B4B10ABB2A2127BF00017AA3;
			productRefGroup = B4B10AC52A2127BF00017AA3 /* Products */;
			projectDirPath = "";
			projectRoot = "";
			targets = (
				B4B10AC32A2127BF00017AA3 /* Workout */,
			);
		};
/* End PBXProject section */

/* Begin PBXResourcesBuildPhase section */
		B4B10AC22A2127BF00017AA3 /* Resources */ = {
			isa = PBXResourcesBuildPhase;
			buildActionMask = 2147483647;
			files = (
				B4B10AD42A2127BF00017AA3 /* LaunchScreen.storyboard in Resources */,
				B4B10AD12A2127BF00017AA3 /* Assets.xcassets in Resources */,
				B4B20EA82A5329C900314E1E /* Localizable.stringsdict in Resources */,
			);
			runOnlyForDeploymentPostprocessing = 0;
		};
/* End PBXResourcesBuildPhase section */

/* Begin PBXShellScriptBuildPhase section */
		20C578982756E0E1D682A888 /* [CP] Check Pods Manifest.lock */ = {
			isa = PBXShellScriptBuildPhase;
			buildActionMask = 2147483647;
			files = (
			);
			inputFileListPaths = (
			);
			inputPaths = (
				"${PODS_PODFILE_DIR_PATH}/Podfile.lock",
				"${PODS_ROOT}/Manifest.lock",
			);
			name = "[CP] Check Pods Manifest.lock";
			outputFileListPaths = (
			);
			outputPaths = (
				"$(DERIVED_FILE_DIR)/Pods-Workout-checkManifestLockResult.txt",
			);
			runOnlyForDeploymentPostprocessing = 0;
			shellPath = /bin/sh;
			shellScript = "diff \"${PODS_PODFILE_DIR_PATH}/Podfile.lock\" \"${PODS_ROOT}/Manifest.lock\" > /dev/null\nif [ $? != 0 ] ; then\n    # print error to STDERR\n    echo \"error: The sandbox is not in sync with the Podfile.lock. Run 'pod install' or update your CocoaPods installation.\" >&2\n    exit 1\nfi\n# This output is used by Xcode 'outputs' to avoid re-running this script phase.\necho \"SUCCESS\" > \"${SCRIPT_OUTPUT_FILE_0}\"\n";
			showEnvVarsInLog = 0;
		};
		BC92471FE3EFF7377D2B9CF2 /* [CP] Embed Pods Frameworks */ = {
			isa = PBXShellScriptBuildPhase;
			buildActionMask = 2147483647;
			files = (
			);
			inputFileListPaths = (
				"${PODS_ROOT}/Target Support Files/Pods-Workout/Pods-Workout-frameworks-${CONFIGURATION}-input-files.xcfilelist",
			);
			name = "[CP] Embed Pods Frameworks";
			outputFileListPaths = (
				"${PODS_ROOT}/Target Support Files/Pods-Workout/Pods-Workout-frameworks-${CONFIGURATION}-output-files.xcfilelist",
			);
			runOnlyForDeploymentPostprocessing = 0;
			shellPath = /bin/sh;
			shellScript = "\"${PODS_ROOT}/Target Support Files/Pods-Workout/Pods-Workout-frameworks.sh\"\n";
			showEnvVarsInLog = 0;
		};
/* End PBXShellScriptBuildPhase section */

/* Begin PBXSourcesBuildPhase section */
		B4B10AC02A2127BF00017AA3 /* Sources */ = {
			isa = PBXSourcesBuildPhase;
			buildActionMask = 2147483647;
			files = (
				B401E9062A47686C00D5A678 /* DaySelectionView.swift in Sources */,
				B410BFE02A32085E00899BBC /* WorkoutFormConfigurator.swift in Sources */,
				B48B86E12A2BEDDF007638C0 /* ExercisesPresenter.swift in Sources */,
				B48B86E42A2BEDDF007638C0 /* ExercisesView.swift in Sources */,
				B440C5D22A328DA0008154CE /* ValidationEntity.swift in Sources */,
				B4F4E6862A42675A00E91D7C /* WorkoutPresenter.swift in Sources */,
				B440C5CE2A32851B008154CE /* ValidatedFormField.swift in Sources */,
				B48B86D02A2A5D48007638C0 /* WorkoutsInteractor.swift in Sources */,
				B401E9102A48F5C200D5A678 /* TabViewController.swift in Sources */,
				B4F4E6942A43B4EF00E91D7C /* SessionsPresenter.swift in Sources */,
				B4FB81542A5C905F0081F29C /* ToggleImageView.swift in Sources */,
				B410BFD32A2E8EDF00899BBC /* ExerciseFormModels.swift in Sources */,
				B4F4E6982A43B4EF00E91D7C /* SessionsConfigurator.swift in Sources */,
				B48B86DA2A2A6E17007638C0 /* UIImage.swift in Sources */,
				B44CD5172A4B48B60070ED15 /* ExercisesTableView.swift in Sources */,
				B4F4E6972A43B4EF00E91D7C /* SessionsView.swift in Sources */,
				B4F4E6A12A461CA600E91D7C /* SessionFormInteractor.swift in Sources */,
				B4F4E68D2A426C0C00E91D7C /* WorkoutSettingTableViewCell.swift in Sources */,
				B401E91B2A48F83C00D5A678 /* ScheduledSessionsView.swift in Sources */,
				B463343C2A5654C3007597B4 /* Double.swift in Sources */,
				B42BCB2C2A33E2BE006FCEDE /* BaseViewController.swift in Sources */,
				B410BFD02A2E4EB200899BBC /* String.swift in Sources */,
				B4F4E6882A42675A00E91D7C /* WorkoutInteractor.swift in Sources */,
				B48B86F02A2BF63D007638C0 /* ExerciseFormConfigurator.swift in Sources */,
				B410BFDC2A32085E00899BBC /* WorkoutFormPresenter.swift in Sources */,
				B401E91E2A48F91A00D5A678 /* Workout.swift in Sources */,
				B4F4E6962A43B4EF00E91D7C /* SessionsInteractor.swift in Sources */,
				B4F4E6A22A461CA600E91D7C /* SessionFormView.swift in Sources */,
				B410BFE32A321D2D00899BBC /* WorkoutFormModels.swift in Sources */,
				B44CD5112A4B2FE30070ED15 /* ScheduledSessionFormPresenter.swift in Sources */,
				B4157A462A58747E0068B641 /* AppSettingsConfigurator.swift in Sources */,
				B4157A482A58749C0068B641 /* AppSettingTableViewCell.swift in Sources */,
				B48B86CF2A2A5D48007638C0 /* WorkoutsRouter.swift in Sources */,
				B4B10AC82A2127BF00017AA3 /* AppDelegate.swift in Sources */,
				B48B86E22A2BEDDF007638C0 /* ExercisesRouter.swift in Sources */,
				B48B86EC2A2BF63D007638C0 /* ExerciseFormPresenter.swift in Sources */,
				B440C5C72A3221AC008154CE /* StackView.swift in Sources */,
				B463343A2A5634C9007597B4 /* ShadowedRoundedView.swift in Sources */,
				B48B86ED2A2BF63D007638C0 /* ExerciseFormRouter.swift in Sources */,
				B48B86CE2A2A5D48007638C0 /* WorkoutsPresenter.swift in Sources */,
				B410BFDF2A32085E00899BBC /* WorkoutFormView.swift in Sources */,
				B4A28E4D2A37826600FB74C3 /* UITableViewHeaderFooterView.swift in Sources */,
				B4B10ACA2A2127BF00017AA3 /* SceneDelegate.swift in Sources */,
				B4FB81522A5BA9C30081F29C /* SessionToNotificationMapper.swift in Sources */,
				B410BFCE2A2D994500899BBC /* StyledButton.swift in Sources */,
				B410BFDD2A32085E00899BBC /* WorkoutFormRouter.swift in Sources */,
				B401E90E2A47D6BF00D5A678 /* SessionTableViewCell.swift in Sources */,
				B48B86D82A2A6C03007638C0 /* UITableViewCell.swift in Sources */,
				B410BFDE2A32085E00899BBC /* WorkoutFormInteractor.swift in Sources */,
				B4F4E6A02A461CA600E91D7C /* SessionFormRouter.swift in Sources */,
				B401E9222A4937C500D5A678 /* Date.swift in Sources */,
				B48B86EF2A2BF63D007638C0 /* ExerciseFormView.swift in Sources */,
				B4157A452A58747E0068B641 /* AppSettingsView.swift in Sources */,
				B48B86D62A2A6B67007638C0 /* UITableView.swift in Sources */,
				B44CD5122A4B2FE30070ED15 /* ScheduledSessionFormRouter.swift in Sources */,
				B48B86EE2A2BF63D007638C0 /* ExerciseFormInteractor.swift in Sources */,
				B48B86E32A2BEDDF007638C0 /* ExercisesInteractor.swift in Sources */,
				B4F4E68A2A42675A00E91D7C /* WorkoutConfigurator.swift in Sources */,
				B48B86F82A2D32BE007638C0 /* Exercise.swift in Sources */,
				B48B86D12A2A5D48007638C0 /* WorkoutsView.swift in Sources */,
				B44CD5152A4B2FE30070ED15 /* ScheduledSessionFormConfigurator.swift in Sources */,
				B43332462A57A9CD00A8F2DF /* UIViewController.swift in Sources */,
				B4157A422A58747E0068B641 /* AppSettingsPresenter.swift in Sources */,
				B4FB81572A5F45F90081F29C /* AppearanceManager.swift in Sources */,
				B401E9182A48F83C00D5A678 /* ScheduledSessionsPresenter.swift in Sources */,
				B4157A442A58747E0068B641 /* AppSettingsInteractor.swift in Sources */,
				B401E91C2A48F83C00D5A678 /* ScheduledSessionsConfigurator.swift in Sources */,
				B44CD5132A4B2FE30070ED15 /* ScheduledSessionFormInteractor.swift in Sources */,
				B48B86F32A2BF77E007638C0 /* ValidatedTextField.swift in Sources */,
				B4F4E6892A42675A00E91D7C /* WorkoutView.swift in Sources */,
				B44CD50A2A49F3030070ED15 /* ScheduledSessionTableViewCell.swift in Sources */,
				B48B86D22A2A5D48007638C0 /* WorkoutsConfigurator.swift in Sources */,
				B4157A432A58747E0068B641 /* AppSettingsRouter.swift in Sources */,
				B4FB81502A59E8670081F29C /* NotificationManager.swift in Sources */,
				B4B20EAC2A5631CF00314E1E /* UIColor.swift in Sources */,
				B48B86FB2A2D34FC007638C0 /* ExerciseTableViewCell.swift in Sources */,
				B401E90B2A47D1D000D5A678 /* Session.swift in Sources */,
				B4F4E6872A42675A00E91D7C /* WorkoutRouter.swift in Sources */,
				B48B86E52A2BEDDF007638C0 /* ExercisesConfigurator.swift in Sources */,
				B401E9092A4773E200D5A678 /* SessionFormModels.swift in Sources */,
				B401E91A2A48F83C00D5A678 /* ScheduledSessionsInteractor.swift in Sources */,
				B42BCB2A2A33E106006FCEDE /* ActivityIndicator.swift in Sources */,
				B4B10ADD2A212C1700017AA3 /* Workout.xcdatamodeld in Sources */,
				B4F4E6952A43B4EF00E91D7C /* SessionsRouter.swift in Sources */,
				B44CD5142A4B2FE30070ED15 /* ScheduledSessionFormView.swift in Sources */,
				B4F4E69F2A461CA600E91D7C /* SessionFormPresenter.swift in Sources */,
				B4F4E6A32A461CA600E91D7C /* SessionFormConfigurator.swift in Sources */,
				B440C5C52A3220FB008154CE /* WorkoutTableViewCell.swift in Sources */,
				B48B86F52A2D326F007638C0 /* MultilineLabel.swift in Sources */,
				B401E9202A49025D00D5A678 /* CoreDataManager.swift in Sources */,
				B401E9192A48F83C00D5A678 /* ScheduledSessionsRouter.swift in Sources */,
			);
			runOnlyForDeploymentPostprocessing = 0;
		};
/* End PBXSourcesBuildPhase section */

/* Begin PBXVariantGroup section */
		B4B10AD22A2127BF00017AA3 /* LaunchScreen.storyboard */ = {
			isa = PBXVariantGroup;
			children = (
				B4B10AD32A2127BF00017AA3 /* Base */,
			);
			name = LaunchScreen.storyboard;
			sourceTree = "<group>";
		};
		B4B20EAA2A5329C900314E1E /* Localizable.stringsdict */ = {
			isa = PBXVariantGroup;
			children = (
				B4B20EA92A5329C900314E1E /* en */,
			);
			name = Localizable.stringsdict;
			sourceTree = "<group>";
		};
/* End PBXVariantGroup section */

/* Begin XCBuildConfiguration section */
		B4B10AD62A2127BF00017AA3 /* Debug */ = {
			isa = XCBuildConfiguration;
			buildSettings = {
				ALWAYS_SEARCH_USER_PATHS = NO;
				CLANG_ANALYZER_NONNULL = YES;
				CLANG_ANALYZER_NUMBER_OBJECT_CONVERSION = YES_AGGRESSIVE;
				CLANG_CXX_LANGUAGE_STANDARD = "gnu++20";
				CLANG_ENABLE_MODULES = YES;
				CLANG_ENABLE_OBJC_ARC = YES;
				CLANG_ENABLE_OBJC_WEAK = YES;
				CLANG_WARN_BLOCK_CAPTURE_AUTORELEASING = YES;
				CLANG_WARN_BOOL_CONVERSION = YES;
				CLANG_WARN_COMMA = YES;
				CLANG_WARN_CONSTANT_CONVERSION = YES;
				CLANG_WARN_DEPRECATED_OBJC_IMPLEMENTATIONS = YES;
				CLANG_WARN_DIRECT_OBJC_ISA_USAGE = YES_ERROR;
				CLANG_WARN_DOCUMENTATION_COMMENTS = YES;
				CLANG_WARN_EMPTY_BODY = YES;
				CLANG_WARN_ENUM_CONVERSION = YES;
				CLANG_WARN_INFINITE_RECURSION = YES;
				CLANG_WARN_INT_CONVERSION = YES;
				CLANG_WARN_NON_LITERAL_NULL_CONVERSION = YES;
				CLANG_WARN_OBJC_IMPLICIT_RETAIN_SELF = YES;
				CLANG_WARN_OBJC_LITERAL_CONVERSION = YES;
				CLANG_WARN_OBJC_ROOT_CLASS = YES_ERROR;
				CLANG_WARN_QUOTED_INCLUDE_IN_FRAMEWORK_HEADER = YES;
				CLANG_WARN_RANGE_LOOP_ANALYSIS = YES;
				CLANG_WARN_STRICT_PROTOTYPES = YES;
				CLANG_WARN_SUSPICIOUS_MOVE = YES;
				CLANG_WARN_UNGUARDED_AVAILABILITY = YES_AGGRESSIVE;
				CLANG_WARN_UNREACHABLE_CODE = YES;
				CLANG_WARN__DUPLICATE_METHOD_MATCH = YES;
				COPY_PHASE_STRIP = NO;
				DEBUG_INFORMATION_FORMAT = dwarf;
				ENABLE_STRICT_OBJC_MSGSEND = YES;
				ENABLE_TESTABILITY = YES;
				GCC_C_LANGUAGE_STANDARD = gnu11;
				GCC_DYNAMIC_NO_PIC = NO;
				GCC_NO_COMMON_BLOCKS = YES;
				GCC_OPTIMIZATION_LEVEL = 0;
				GCC_PREPROCESSOR_DEFINITIONS = (
					"DEBUG=1",
					"$(inherited)",
				);
				GCC_WARN_64_TO_32_BIT_CONVERSION = YES;
				GCC_WARN_ABOUT_RETURN_TYPE = YES_ERROR;
				GCC_WARN_UNDECLARED_SELECTOR = YES;
				GCC_WARN_UNINITIALIZED_AUTOS = YES_AGGRESSIVE;
				GCC_WARN_UNUSED_FUNCTION = YES;
				GCC_WARN_UNUSED_VARIABLE = YES;
				IPHONEOS_DEPLOYMENT_TARGET = 16.0;
				MTL_ENABLE_DEBUG_INFO = INCLUDE_SOURCE;
				MTL_FAST_MATH = YES;
				ONLY_ACTIVE_ARCH = YES;
				SDKROOT = iphoneos;
				SWIFT_ACTIVE_COMPILATION_CONDITIONS = DEBUG;
				SWIFT_OPTIMIZATION_LEVEL = "-Onone";
			};
			name = Debug;
		};
		B4B10AD72A2127BF00017AA3 /* Release */ = {
			isa = XCBuildConfiguration;
			buildSettings = {
				ALWAYS_SEARCH_USER_PATHS = NO;
				CLANG_ANALYZER_NONNULL = YES;
				CLANG_ANALYZER_NUMBER_OBJECT_CONVERSION = YES_AGGRESSIVE;
				CLANG_CXX_LANGUAGE_STANDARD = "gnu++20";
				CLANG_ENABLE_MODULES = YES;
				CLANG_ENABLE_OBJC_ARC = YES;
				CLANG_ENABLE_OBJC_WEAK = YES;
				CLANG_WARN_BLOCK_CAPTURE_AUTORELEASING = YES;
				CLANG_WARN_BOOL_CONVERSION = YES;
				CLANG_WARN_COMMA = YES;
				CLANG_WARN_CONSTANT_CONVERSION = YES;
				CLANG_WARN_DEPRECATED_OBJC_IMPLEMENTATIONS = YES;
				CLANG_WARN_DIRECT_OBJC_ISA_USAGE = YES_ERROR;
				CLANG_WARN_DOCUMENTATION_COMMENTS = YES;
				CLANG_WARN_EMPTY_BODY = YES;
				CLANG_WARN_ENUM_CONVERSION = YES;
				CLANG_WARN_INFINITE_RECURSION = YES;
				CLANG_WARN_INT_CONVERSION = YES;
				CLANG_WARN_NON_LITERAL_NULL_CONVERSION = YES;
				CLANG_WARN_OBJC_IMPLICIT_RETAIN_SELF = YES;
				CLANG_WARN_OBJC_LITERAL_CONVERSION = YES;
				CLANG_WARN_OBJC_ROOT_CLASS = YES_ERROR;
				CLANG_WARN_QUOTED_INCLUDE_IN_FRAMEWORK_HEADER = YES;
				CLANG_WARN_RANGE_LOOP_ANALYSIS = YES;
				CLANG_WARN_STRICT_PROTOTYPES = YES;
				CLANG_WARN_SUSPICIOUS_MOVE = YES;
				CLANG_WARN_UNGUARDED_AVAILABILITY = YES_AGGRESSIVE;
				CLANG_WARN_UNREACHABLE_CODE = YES;
				CLANG_WARN__DUPLICATE_METHOD_MATCH = YES;
				COPY_PHASE_STRIP = NO;
				DEBUG_INFORMATION_FORMAT = "dwarf-with-dsym";
				ENABLE_NS_ASSERTIONS = NO;
				ENABLE_STRICT_OBJC_MSGSEND = YES;
				GCC_C_LANGUAGE_STANDARD = gnu11;
				GCC_NO_COMMON_BLOCKS = YES;
				GCC_WARN_64_TO_32_BIT_CONVERSION = YES;
				GCC_WARN_ABOUT_RETURN_TYPE = YES_ERROR;
				GCC_WARN_UNDECLARED_SELECTOR = YES;
				GCC_WARN_UNINITIALIZED_AUTOS = YES_AGGRESSIVE;
				GCC_WARN_UNUSED_FUNCTION = YES;
				GCC_WARN_UNUSED_VARIABLE = YES;
				IPHONEOS_DEPLOYMENT_TARGET = 16.0;
				MTL_ENABLE_DEBUG_INFO = NO;
				MTL_FAST_MATH = YES;
				SDKROOT = iphoneos;
				SWIFT_COMPILATION_MODE = wholemodule;
				SWIFT_OPTIMIZATION_LEVEL = "-O";
				VALIDATE_PRODUCT = YES;
			};
			name = Release;
		};
		B4B10AD92A2127BF00017AA3 /* Debug */ = {
			isa = XCBuildConfiguration;
			baseConfigurationReference = 76DF92F52EB8EB3C3BDAD51C /* Pods-Workout.debug.xcconfig */;
			buildSettings = {
				ASSETCATALOG_COMPILER_APPICON_NAME = AppIcon;
				ASSETCATALOG_COMPILER_GLOBAL_ACCENT_COLOR_NAME = AccentColor;
				CODE_SIGN_STYLE = Automatic;
				CURRENT_PROJECT_VERSION = 1;
				DEVELOPMENT_TEAM = U9M8KR7NN5;
				GENERATE_INFOPLIST_FILE = YES;
				INFOPLIST_FILE = Workout/Info.plist;
				INFOPLIST_KEY_UIApplicationSupportsIndirectInputEvents = YES;
				INFOPLIST_KEY_UILaunchStoryboardName = LaunchScreen;
				INFOPLIST_KEY_UIMainStoryboardFile = "";
				INFOPLIST_KEY_UISupportedInterfaceOrientations_iPad = "UIInterfaceOrientationPortrait UIInterfaceOrientationPortraitUpsideDown UIInterfaceOrientationLandscapeLeft UIInterfaceOrientationLandscapeRight";
				INFOPLIST_KEY_UISupportedInterfaceOrientations_iPhone = "UIInterfaceOrientationPortrait UIInterfaceOrientationLandscapeLeft UIInterfaceOrientationLandscapeRight";
				IPHONEOS_DEPLOYMENT_TARGET = 17.0;
				LD_RUNPATH_SEARCH_PATHS = (
					"$(inherited)",
					"@executable_path/Frameworks",
				);
				MARKETING_VERSION = 1.0;
				PRODUCT_BUNDLE_IDENTIFIER = salva.Workout;
				PRODUCT_NAME = "$(TARGET_NAME)";
				SWIFT_EMIT_LOC_STRINGS = YES;
				SWIFT_VERSION = 5.0;
				TARGETED_DEVICE_FAMILY = "1,2";
			};
			name = Debug;
		};
		B4B10ADA2A2127BF00017AA3 /* Release */ = {
			isa = XCBuildConfiguration;
			baseConfigurationReference = EE388AD70767F45B2D7F6698 /* Pods-Workout.release.xcconfig */;
			buildSettings = {
				ASSETCATALOG_COMPILER_APPICON_NAME = AppIcon;
				ASSETCATALOG_COMPILER_GLOBAL_ACCENT_COLOR_NAME = AccentColor;
				CODE_SIGN_STYLE = Automatic;
				CURRENT_PROJECT_VERSION = 1;
				DEVELOPMENT_TEAM = U9M8KR7NN5;
				GENERATE_INFOPLIST_FILE = YES;
				INFOPLIST_FILE = Workout/Info.plist;
				INFOPLIST_KEY_UIApplicationSupportsIndirectInputEvents = YES;
				INFOPLIST_KEY_UILaunchStoryboardName = LaunchScreen;
				INFOPLIST_KEY_UIMainStoryboardFile = "";
				INFOPLIST_KEY_UISupportedInterfaceOrientations_iPad = "UIInterfaceOrientationPortrait UIInterfaceOrientationPortraitUpsideDown UIInterfaceOrientationLandscapeLeft UIInterfaceOrientationLandscapeRight";
				INFOPLIST_KEY_UISupportedInterfaceOrientations_iPhone = "UIInterfaceOrientationPortrait UIInterfaceOrientationLandscapeLeft UIInterfaceOrientationLandscapeRight";
				IPHONEOS_DEPLOYMENT_TARGET = 17.0;
				LD_RUNPATH_SEARCH_PATHS = (
					"$(inherited)",
					"@executable_path/Frameworks",
				);
				MARKETING_VERSION = 1.0;
				PRODUCT_BUNDLE_IDENTIFIER = salva.Workout;
				PRODUCT_NAME = "$(TARGET_NAME)";
				SWIFT_EMIT_LOC_STRINGS = YES;
				SWIFT_VERSION = 5.0;
				TARGETED_DEVICE_FAMILY = "1,2";
			};
			name = Release;
		};
/* End XCBuildConfiguration section */

/* Begin XCConfigurationList section */
		B4B10ABF2A2127BF00017AA3 /* Build configuration list for PBXProject "Workout" */ = {
			isa = XCConfigurationList;
			buildConfigurations = (
				B4B10AD62A2127BF00017AA3 /* Debug */,
				B4B10AD72A2127BF00017AA3 /* Release */,
			);
			defaultConfigurationIsVisible = 0;
			defaultConfigurationName = Release;
		};
		B4B10AD82A2127BF00017AA3 /* Build configuration list for PBXNativeTarget "Workout" */ = {
			isa = XCConfigurationList;
			buildConfigurations = (
				B4B10AD92A2127BF00017AA3 /* Debug */,
				B4B10ADA2A2127BF00017AA3 /* Release */,
			);
			defaultConfigurationIsVisible = 0;
			defaultConfigurationName = Release;
		};
/* End XCConfigurationList section */

/* Begin XCVersionGroup section */
		B4B10ADB2A212C1700017AA3 /* Workout.xcdatamodeld */ = {
			isa = XCVersionGroup;
			children = (
				B4B10ADC2A212C1700017AA3 /* Workout.xcdatamodel */,
			);
			currentVersion = B4B10ADC2A212C1700017AA3 /* Workout.xcdatamodel */;
			path = Workout.xcdatamodeld;
			sourceTree = "<group>";
			versionGroupType = wrapper.xcdatamodel;
		};
/* End XCVersionGroup section */
	};
	rootObject = B4B10ABC2A2127BF00017AA3 /* Project object */;
}
